
Microsoft Visual Studio Solution File, Format Version 12.00
# Visual Studio 15
Project("{FAE04EC0-301F-11D3-BF4B-00C04F79EFBC}") = "Assembly-CSharp", "Assembly-CSharp.csproj", "{8BE25938-E7BC-CE77-0A05-88C0465E0903}"
EndProject
Project("{FAE04EC0-301F-11D3-BF4B-00C04F79EFBC}") = "Assembly-CSharp-Editor", "Assembly-CSharp-Editor.csproj", "{4D2DF87A-3767-2565-957E-1E54F9EE9204}"
EndProject
Global
	GlobalSection(SolutionConfigurationPlatforms) = preSolution
		Debug|Any CPU = Debug|Any CPU
		Release|Any CPU = Release|Any CPU
	EndGlobalSection
	GlobalSection(ProjectConfigurationPlatforms) = postSolution
		{8BE25938-E7BC-CE77-0A05-88C0465E0903}.Debug|Any CPU.ActiveCfg = Debug|Any CPU
		{8BE25938-E7BC-CE77-0A05-88C0465E0903}.Debug|Any CPU.Build.0 = Debug|Any CPU
		{8BE25938-E7BC-CE77-0A05-88C0465E0903}.Release|Any CPU.ActiveCfg = Release|Any CPU
		{8BE25938-E7BC-CE77-0A05-88C0465E0903}.Release|Any CPU.Build.0 = Release|Any CPU
		{4D2DF87A-3767-2565-957E-1E54F9EE9204}.Debug|Any CPU.ActiveCfg = Debug|Any CPU
		{4D2DF87A-3767-2565-957E-1E54F9EE9204}.Debug|Any CPU.Build.0 = Debug|Any CPU
		{4D2DF87A-3767-2565-957E-1E54F9EE9204}.Release|Any CPU.ActiveCfg = Release|Any CPU
		{4D2DF87A-3767-2565-957E-1E54F9EE9204}.Release|Any CPU.Build.0 = Release|Any CPU
	EndGlobalSection
	GlobalSection(SolutionProperties) = preSolution
		HideSolutionNode = FALSE
	EndGlobalSection
EndGlobal
